
Microsoft Visual Studio Solution File, Format Version 12.00
# Visual Studio Version 16
VisualStudioVersion = 16.0.31424.327
MinimumVisualStudioVersion = 10.0.40219.1
Project("{FAE04EC0-301F-11D3-BF4B-00C04F79EFBC}") = "WebApi", "WebApi\WebApi.csproj", "{C5702DE6-8F94-437C-A43A-0F7AC71A8887}"
EndProject
Global
	GlobalSection(SolutionConfigurationPlatforms) = preSolution
		Debug|Any CPU = Debug|Any CPU
		Release|Any CPU = Release|Any CPU
	EndGlobalSection
	GlobalSection(ProjectConfigurationPlatforms) = postSolution
		{C5702DE6-8F94-437C-A43A-0F7AC71A8887}.Debug|Any CPU.ActiveCfg = Debug|Any CPU
		{C5702DE6-8F94-437C-A43A-0F7AC71A8887}.Debug|Any CPU.Build.0 = Debug|Any CPU
		{C5702DE6-8F94-437C-A43A-0F7AC71A8887}.Release|Any CPU.ActiveCfg = Release|Any CPU
		{C5702DE6-8F94-437C-A43A-0F7AC71A8887}.Release|Any CPU.Build.0 = Release|Any CPU
	EndGlobalSection
	GlobalSection(SolutionProperties) = preSolution
		HideSolutionNode = FALSE
	EndGlobalSection
	GlobalSection(ExtensibilityGlobals) = postSolution
		SolutionGuid = {33D8A80C-F700-4048-877C-273808E79A1B}
	EndGlobalSection
EndGlobal
